{
  "name": "svg-to-png-wb",
  "version": "1.0.1",
  "lockfileVersion": 3,
  "requires": true,
  "packages": {
    "": {
      "name": "svg-to-png-wb",
      "version": "1.0.1",
      "license": "MIT",
      "os": [
        "darwin",
        "linux",
        "win32"
      ],
      "bin": {
        "svg-to-png-wb": "bin/install.js"
      },
      "engines": {
        "node": ">=18"
      }
    }
  }
}
